Microsoft Visual Studio Solution File, Format Version 11.00
# Visual Studio 2010
Project("{8BC9CEB8-8B4A-11D0-8D11-00A0C91BC942}") = "cgame", "cgame\cgame.vcxproj", "{BCFD8AAA-93BA-9682-5520-D05C26AB67F9}"
EndProject
Project("{8BC9CEB8-8B4A-11D0-8D11-00A0C91BC942}") = "botlib", "botlib\botlib.vcxproj", "{D5D413B0-47AA-1127-B354-1ED6C3957DAA}"
EndProject
Project("{8BC9CEB8-8B4A-11D0-8D11-00A0C91BC942}") = "q3_ui", "q3_ui\q3_ui.vcxproj", "{74EA7357-5496-083B-2FC2-6146B3FFCCF2}"
EndProject
Project("{8BC9CEB8-8B4A-11D0-8D11-00A0C91BC942}") = "renderer", "renderer\renderer.vcxproj", "{ACDD6246-F37A-6E4B-AA79-23E55DC05F42}"
EndProject
Project("{8BC9CEB8-8B4A-11D0-8D11-00A0C91BC942}") = "game", "game\game.vcxproj", "{1C085D4C-5070-E9E6-57F1-3C4083D59B0D}"
EndProject
Project("{8BC9CEB8-8B4A-11D0-8D11-00A0C91BC942}") = "quake3", "quake3.vcxproj", "{B2DD0C52-773C-E5C9-31EC-A7E850BC7B95}"
EndProject
Global
	GlobalSection(SolutionConfigurationPlatforms) = preSolution
		Debug Alpha|Win32 = Debug Alpha|Win32
		Debug TA DEMO|Win32 = Debug TA DEMO|Win32
		Debug TA|Win32 = Debug TA|Win32
		Debug|Win32 = Debug|Win32
		Release Alpha|Win32 = Release Alpha|Win32
		Release TA DEMO|Win32 = Release TA DEMO|Win32
		Release TA|Win32 = Release TA|Win32
		Release|Win32 = Release|Win32
		vector|Win32 = vector|Win32
	EndGlobalSection
	GlobalSection(ProjectConfigurationPlatforms) = postSolution
		{BCFD8AAA-93BA-9682-5520-D05C26AB67F9}.Debug Alpha|Win32.ActiveCfg = Debug TA|Win32
		{BCFD8AAA-93BA-9682-5520-D05C26AB67F9}.Debug Alpha|Win32.Build.0 = Debug TA|Win32
		{BCFD8AAA-93BA-9682-5520-D05C26AB67F9}.Debug TA DEMO|Win32.ActiveCfg = Debug TA|Win32
		{BCFD8AAA-93BA-9682-5520-D05C26AB67F9}.Debug TA DEMO|Win32.Build.0 = Debug TA|Win32
		{BCFD8AAA-93BA-9682-5520-D05C26AB67F9}.Debug TA|Win32.ActiveCfg = Debug TA|Win32
		{BCFD8AAA-93BA-9682-5520-D05C26AB67F9}.Debug TA|Win32.Build.0 = Debug TA|Win32
		{BCFD8AAA-93BA-9682-5520-D05C26AB67F9}.Debug|Win32.ActiveCfg = Debug|Win32
		{BCFD8AAA-93BA-9682-5520-D05C26AB67F9}.Debug|Win32.Build.0 = Debug|Win32
		{BCFD8AAA-93BA-9682-5520-D05C26AB67F9}.Release Alpha|Win32.ActiveCfg = Release TA|Win32
		{BCFD8AAA-93BA-9682-5520-D05C26AB67F9}.Release Alpha|Win32.Build.0 = Release TA|Win32
		{BCFD8AAA-93BA-9682-5520-D05C26AB67F9}.Release TA DEMO|Win32.ActiveCfg = Release TA|Win32
		{BCFD8AAA-93BA-9682-5520-D05C26AB67F9}.Release TA DEMO|Win32.Build.0 = Release TA|Win32
		{BCFD8AAA-93BA-9682-5520-D05C26AB67F9}.Release TA|Win32.ActiveCfg = Release TA|Win32
		{BCFD8AAA-93BA-9682-5520-D05C26AB67F9}.Release TA|Win32.Build.0 = Release TA|Win32
		{BCFD8AAA-93BA-9682-5520-D05C26AB67F9}.Release|Win32.ActiveCfg = Release|Win32
		{BCFD8AAA-93BA-9682-5520-D05C26AB67F9}.Release|Win32.Build.0 = Release|Win32
		{BCFD8AAA-93BA-9682-5520-D05C26AB67F9}.vector|Win32.ActiveCfg = Release|Win32
		{BCFD8AAA-93BA-9682-5520-D05C26AB67F9}.vector|Win32.Build.0 = Release|Win32
		{D5D413B0-47AA-1127-B354-1ED6C3957DAA}.Debug Alpha|Win32.ActiveCfg = Debug TA|Win32
		{D5D413B0-47AA-1127-B354-1ED6C3957DAA}.Debug Alpha|Win32.Build.0 = Debug TA|Win32
		{D5D413B0-47AA-1127-B354-1ED6C3957DAA}.Debug TA DEMO|Win32.ActiveCfg = Debug TA|Win32
		{D5D413B0-47AA-1127-B354-1ED6C3957DAA}.Debug TA DEMO|Win32.Build.0 = Debug TA|Win32
		{D5D413B0-47AA-1127-B354-1ED6C3957DAA}.Debug TA|Win32.ActiveCfg = Debug TA|Win32
		{D5D413B0-47AA-1127-B354-1ED6C3957DAA}.Debug TA|Win32.Build.0 = Debug TA|Win32
		{D5D413B0-47AA-1127-B354-1ED6C3957DAA}.Debug|Win32.ActiveCfg = Debug|Win32
		{D5D413B0-47AA-1127-B354-1ED6C3957DAA}.Release Alpha|Win32.ActiveCfg = Release TA|Win32
		{D5D413B0-47AA-1127-B354-1ED6C3957DAA}.Release Alpha|Win32.Build.0 = Release TA|Win32
		{D5D413B0-47AA-1127-B354-1ED6C3957DAA}.Release TA DEMO|Win32.ActiveCfg = Release TA|Win32
		{D5D413B0-47AA-1127-B354-1ED6C3957DAA}.Release TA DEMO|Win32.Build.0 = Release TA|Win32
		{D5D413B0-47AA-1127-B354-1ED6C3957DAA}.Release TA|Win32.ActiveCfg = Release TA|Win32
		{D5D413B0-47AA-1127-B354-1ED6C3957DAA}.Release TA|Win32.Build.0 = Release TA|Win32
		{D5D413B0-47AA-1127-B354-1ED6C3957DAA}.Release|Win32.ActiveCfg = Release|Win32
		{D5D413B0-47AA-1127-B354-1ED6C3957DAA}.Release|Win32.Build.0 = Release|Win32
		{D5D413B0-47AA-1127-B354-1ED6C3957DAA}.vector|Win32.ActiveCfg = vector|Win32
		{D5D413B0-47AA-1127-B354-1ED6C3957DAA}.vector|Win32.Build.0 = vector|Win32
		{74EA7357-5496-083B-2FC2-6146B3FFCCF2}.Debug Alpha|Win32.ActiveCfg = Debug TA|Win32
		{74EA7357-5496-083B-2FC2-6146B3FFCCF2}.Debug Alpha|Win32.Build.0 = Debug TA|Win32
		{74EA7357-5496-083B-2FC2-6146B3FFCCF2}.Debug TA DEMO|Win32.ActiveCfg = Debug TA|Win32
		{74EA7357-5496-083B-2FC2-6146B3FFCCF2}.Debug TA DEMO|Win32.Build.0 = Debug TA|Win32
		{74EA7357-5496-083B-2FC2-6146B3FFCCF2}.Debug TA|Win32.ActiveCfg = Debug TA|Win32
		{74EA7357-5496-083B-2FC2-6146B3FFCCF2}.Debug TA|Win32.Build.0 = Debug TA|Win32
		{74EA7357-5496-083B-2FC2-6146B3FFCCF2}.Debug|Win32.ActiveCfg = Debug|Win32
		{74EA7357-5496-083B-2FC2-6146B3FFCCF2}.Release Alpha|Win32.ActiveCfg = Release TA|Win32
		{74EA7357-5496-083B-2FC2-6146B3FFCCF2}.Release Alpha|Win32.Build.0 = Release TA|Win32
		{74EA7357-5496-083B-2FC2-6146B3FFCCF2}.Release TA DEMO|Win32.ActiveCfg = Release TA|Win32
		{74EA7357-5496-083B-2FC2-6146B3FFCCF2}.Release TA DEMO|Win32.Build.0 = Release TA|Win32
		{74EA7357-5496-083B-2FC2-6146B3FFCCF2}.Release TA|Win32.ActiveCfg = Release TA|Win32
		{74EA7357-5496-083B-2FC2-6146B3FFCCF2}.Release TA|Win32.Build.0 = Release TA|Win32
		{74EA7357-5496-083B-2FC2-6146B3FFCCF2}.Release|Win32.ActiveCfg = Release|Win32
		{74EA7357-5496-083B-2FC2-6146B3FFCCF2}.Release|Win32.Build.0 = Release|Win32
		{74EA7357-5496-083B-2FC2-6146B3FFCCF2}.vector|Win32.ActiveCfg = Release|Win32
		{74EA7357-5496-083B-2FC2-6146B3FFCCF2}.vector|Win32.Build.0 = Release|Win32
		{ACDD6246-F37A-6E4B-AA79-23E55DC05F42}.Debug Alpha|Win32.ActiveCfg = Debug TA|Win32
		{ACDD6246-F37A-6E4B-AA79-23E55DC05F42}.Debug Alpha|Win32.Build.0 = Debug TA|Win32
		{ACDD6246-F37A-6E4B-AA79-23E55DC05F42}.Debug TA DEMO|Win32.ActiveCfg = Debug TA|Win32
		{ACDD6246-F37A-6E4B-AA79-23E55DC05F42}.Debug TA DEMO|Win32.Build.0 = Debug TA|Win32
		{ACDD6246-F37A-6E4B-AA79-23E55DC05F42}.Debug TA|Win32.ActiveCfg = Debug TA|Win32
		{ACDD6246-F37A-6E4B-AA79-23E55DC05F42}.Debug TA|Win32.Build.0 = Debug TA|Win32
		{ACDD6246-F37A-6E4B-AA79-23E55DC05F42}.Debug|Win32.ActiveCfg = Debug|Win32
		{ACDD6246-F37A-6E4B-AA79-23E55DC05F42}.Release Alpha|Win32.ActiveCfg = Release TA|Win32
		{ACDD6246-F37A-6E4B-AA79-23E55DC05F42}.Release Alpha|Win32.Build.0 = Release TA|Win32
		{ACDD6246-F37A-6E4B-AA79-23E55DC05F42}.Release TA DEMO|Win32.ActiveCfg = Release TA|Win32
		{ACDD6246-F37A-6E4B-AA79-23E55DC05F42}.Release TA DEMO|Win32.Build.0 = Release TA|Win32
		{ACDD6246-F37A-6E4B-AA79-23E55DC05F42}.Release TA|Win32.ActiveCfg = Release TA|Win32
		{ACDD6246-F37A-6E4B-AA79-23E55DC05F42}.Release TA|Win32.Build.0 = Release TA|Win32
		{ACDD6246-F37A-6E4B-AA79-23E55DC05F42}.Release|Win32.ActiveCfg = Release|Win32
		{ACDD6246-F37A-6E4B-AA79-23E55DC05F42}.Release|Win32.Build.0 = Release|Win32
		{ACDD6246-F37A-6E4B-AA79-23E55DC05F42}.vector|Win32.ActiveCfg = vector|Win32
		{ACDD6246-F37A-6E4B-AA79-23E55DC05F42}.vector|Win32.Build.0 = vector|Win32
		{1C085D4C-5070-E9E6-57F1-3C4083D59B0D}.Debug Alpha|Win32.ActiveCfg = Debug Alpha|Win32
		{1C085D4C-5070-E9E6-57F1-3C4083D59B0D}.Debug Alpha|Win32.Build.0 = Debug Alpha|Win32
		{1C085D4C-5070-E9E6-57F1-3C4083D59B0D}.Debug TA DEMO|Win32.ActiveCfg = Debug TA|Win32
		{1C085D4C-5070-E9E6-57F1-3C4083D59B0D}.Debug TA DEMO|Win32.Build.0 = Debug TA|Win32
		{1C085D4C-5070-E9E6-57F1-3C4083D59B0D}.Debug TA|Win32.ActiveCfg = Debug TA|Win32
		{1C085D4C-5070-E9E6-57F1-3C4083D59B0D}.Debug TA|Win32.Build.0 = Debug TA|Win32
		{1C085D4C-5070-E9E6-57F1-3C4083D59B0D}.Debug|Win32.ActiveCfg = Debug|Win32
		{1C085D4C-5070-E9E6-57F1-3C4083D59B0D}.Debug|Win32.Build.0 = Debug|Win32
		{1C085D4C-5070-E9E6-57F1-3C4083D59B0D}.Release Alpha|Win32.ActiveCfg = Release Alpha|Win32
		{1C085D4C-5070-E9E6-57F1-3C4083D59B0D}.Release Alpha|Win32.Build.0 = Release Alpha|Win32
		{1C085D4C-5070-E9E6-57F1-3C4083D59B0D}.Release TA DEMO|Win32.ActiveCfg = Release TA|Win32
		{1C085D4C-5070-E9E6-57F1-3C4083D59B0D}.Release TA DEMO|Win32.Build.0 = Release TA|Win32
		{1C085D4C-5070-E9E6-57F1-3C4083D59B0D}.Release TA|Win32.ActiveCfg = Release TA|Win32
		{1C085D4C-5070-E9E6-57F1-3C4083D59B0D}.Release TA|Win32.Build.0 = Release TA|Win32
		{1C085D4C-5070-E9E6-57F1-3C4083D59B0D}.Release|Win32.ActiveCfg = Release|Win32
		{1C085D4C-5070-E9E6-57F1-3C4083D59B0D}.Release|Win32.Build.0 = Release|Win32
		{1C085D4C-5070-E9E6-57F1-3C4083D59B0D}.vector|Win32.ActiveCfg = Release|Win32
		{1C085D4C-5070-E9E6-57F1-3C4083D59B0D}.vector|Win32.Build.0 = Release|Win32
		{B2DD0C52-773C-E5C9-31EC-A7E850BC7B95}.Debug Alpha|Win32.ActiveCfg = Debug TA|Win32
		{B2DD0C52-773C-E5C9-31EC-A7E850BC7B95}.Debug Alpha|Win32.Build.0 = Debug TA|Win32
		{B2DD0C52-773C-E5C9-31EC-A7E850BC7B95}.Debug TA DEMO|Win32.ActiveCfg = Debug TA DEMO|Win32
		{B2DD0C52-773C-E5C9-31EC-A7E850BC7B95}.Debug TA DEMO|Win32.Build.0 = Debug TA DEMO|Win32
		{B2DD0C52-773C-E5C9-31EC-A7E850BC7B95}.Debug TA|Win32.ActiveCfg = Debug TA|Win32
		{B2DD0C52-773C-E5C9-31EC-A7E850BC7B95}.Debug TA|Win32.Build.0 = Debug TA|Win32
		{B2DD0C52-773C-E5C9-31EC-A7E850BC7B95}.Debug|Win32.ActiveCfg = Debug|Win32
		{B2DD0C52-773C-E5C9-31EC-A7E850BC7B95}.Release Alpha|Win32.ActiveCfg = Release TA|Win32
		{B2DD0C52-773C-E5C9-31EC-A7E850BC7B95}.Release Alpha|Win32.Build.0 = Release TA|Win32
		{B2DD0C52-773C-E5C9-31EC-A7E850BC7B95}.Release TA DEMO|Win32.ActiveCfg = Release TA DEMO|Win32
		{B2DD0C52-773C-E5C9-31EC-A7E850BC7B95}.Release TA DEMO|Win32.Build.0 = Release TA DEMO|Win32
		{B2DD0C52-773C-E5C9-31EC-A7E850BC7B95}.Release TA|Win32.ActiveCfg = Release TA|Win32
		{B2DD0C52-773C-E5C9-31EC-A7E850BC7B95}.Release TA|Win32.Build.0 = Release TA|Win32
		{B2DD0C52-773C-E5C9-31EC-A7E850BC7B95}.Release|Win32.ActiveCfg = Release|Win32
		{B2DD0C52-773C-E5C9-31EC-A7E850BC7B95}.Release|Win32.Build.0 = Release|Win32
		{B2DD0C52-773C-E5C9-31EC-A7E850BC7B95}.vector|Win32.ActiveCfg = vector|Win32
		{B2DD0C52-773C-E5C9-31EC-A7E850BC7B95}.vector|Win32.Build.0 = vector|Win32
	EndGlobalSection
	GlobalSection(SolutionProperties) = preSolution
		HideSolutionNode = FALSE
	EndGlobalSection
EndGlobal
